// !$*UTF8*$!
{
	archiveVersion = 1;
	classes = {
	};
	objectVersion = 46;
	objects = {

/* Begin PBXBuildFile section */
		623D05811EA4D29100F31FBE /* jpush-ios-3.0.5.a in Frameworks */ = {isa = PBXBuildFile; fileRef = 623D057F1EA4D29100F31FBE /* jpush-ios-3.0.5.a */; };
		624386D71E096B8800F69E07 /* RCTJPushActionQueue.m in Sources */ = {isa = PBXBuildFile; fileRef = 624386D21E096B8800F69E07 /* RCTJPushActionQueue.m */; };
		624386D81E096B8800F69E07 /* RCTJPushModule.m in Sources */ = {isa = PBXBuildFile; fileRef = 624386D41E096B8800F69E07 /* RCTJPushModule.m */; };
/* End PBXBuildFile section */

/* Begin PBXCopyFilesBuildPhase section */
		628098081CEDC407000D3A81 /* CopyFiles */ = {
			isa = PBXCopyFilesBuildPhase;
			buildActionMask = 2147483647;
			dstPath = "include/$(PRODUCT_NAME)";
			dstSubfolderSpec = 16;
			files = (
			);
			runOnlyForDeploymentPostprocessing = 0;
		};
/* End PBXCopyFilesBuildPhase section */

/* Begin PBXFileReference section */
		623D057F1EA4D29100F31FBE /* jpush-ios-3.0.5.a */ = {isa = PBXFileReference; lastKnownFileType = archive.ar; path = "jpush-ios-3.0.5.a"; sourceTree = "<group>"; };
		623D05801EA4D29100F31FBE /* JPUSHService.h */ = {isa = PBXFileReference; fileEncoding = 4; lastKnownFileType = sourcecode.c.h; path = JPUSHService.h; sourceTree = "<group>"; };
		624386D11E096B8800F69E07 /* RCTJPushActionQueue.h */ = {isa = PBXFileReference; fileEncoding = 4; lastKnownFileType = sourcecode.c.h; path = RCTJPushActionQueue.h; sourceTree = "<group>"; };
		624386D21E096B8800F69E07 /* RCTJPushActionQueue.m */ = {isa = PBXFileReference; fileEncoding = 4; lastKnownFileType = sourcecode.c.objc; path = RCTJPushActionQueue.m; sourceTree = "<group>"; };
		624386D31E096B8800F69E07 /* RCTJPushModule.h */ = {isa = PBXFileReference; fileEncoding = 4; lastKnownFileType = sourcecode.c.h; path = RCTJPushModule.h; sourceTree = "<group>"; };
		624386D41E096B8800F69E07 /* RCTJPushModule.m */ = {isa = PBXFileReference; fileEncoding = 4; lastKnownFileType = sourcecode.c.objc; path = RCTJPushModule.m; sourceTree = "<group>"; };
		6280980A1CEDC407000D3A81 /* libRCTJPushModule.a */ = {isa = PBXFileReference; explicitFileType = archive.ar; includeInIndex = 0; path = libRCTJPushModule.a; sourceTree = BUILT_PRODUCTS_DIR; };
/* End PBXFileReference section */

/* Begin PBXFrameworksBuildPhase section */
		628098071CEDC407000D3A81 /* Frameworks */ = {
			isa = PBXFrameworksBuildPhase;
			buildActionMask = 2147483647;
			files = (
				623D05811EA4D29100F31FBE /* jpush-ios-3.0.5.a in Frameworks */,
			);
			runOnlyForDeploymentPostprocessing = 0;
		};
/* End PBXFrameworksBuildPhase section */

/* Begin PBXGroup section */
		628098011CEDC407000D3A81 = {
			isa = PBXGroup;
			children = (
				6280980C1CEDC407000D3A81 /* RCTJPushModule */,
				6280980B1CEDC407000D3A81 /* Products */,
			);
			sourceTree = "<group>";
		};
		6280980B1CEDC407000D3A81 /* Products */ = {
			isa = PBXGroup;
			children = (
				6280980A1CEDC407000D3A81 /* libRCTJPushModule.a */,
			);
			name = Products;
			sourceTree = "<group>";
		};
		6280980C1CEDC407000D3A81 /* RCTJPushModule */ = {
			isa = PBXGroup;
			children = (
				623D057F1EA4D29100F31FBE /* jpush-ios-3.0.5.a */,
				623D05801EA4D29100F31FBE /* JPUSHService.h */,
				624386D11E096B8800F69E07 /* RCTJPushActionQueue.h */,
				624386D21E096B8800F69E07 /* RCTJPushActionQueue.m */,
				624386D31E096B8800F69E07 /* RCTJPushModule.h */,
				624386D41E096B8800F69E07 /* RCTJPushModule.m */,
			);
			path = RCTJPushModule;
			sourceTree = "<group>";
		};
/* End PBXGroup section */

/* Begin PBXNativeTarget section */
		628098091CEDC407000D3A81 /* RCTJPushModule */ = {
			isa = PBXNativeTarget;
			buildConfigurationList = 628098131CEDC407000D3A81 /* Build configuration list for PBXNativeTarget "RCTJPushModule" */;
			buildPhases = (
				628098061CEDC407000D3A81 /* Sources */,
				628098071CEDC407000D3A81 /* Frameworks */,
				628098081CEDC407000D3A81 /* CopyFiles */,
			);
			buildRules = (
			);
			dependencies = (
			);
			name = RCTJPushModule;
			productName = RCTJPushModule;
			productReference = 6280980A1CEDC407000D3A81 /* libRCTJPushModule.a */;
			productType = "com.apple.product-type.library.static";
		};
/* End PBXNativeTarget section */

/* Begin PBXProject section */
		628098021CEDC407000D3A81 /* Project object */ = {
			isa = PBXProject;
			attributes = {
				LastUpgradeCheck = 0730;
				ORGANIZATIONNAME = HXHG;
				TargetAttributes = {
					628098091CEDC407000D3A81 = {
						CreatedOnToolsVersion = 7.3;
					};
				};
			};
			buildConfigurationList = 628098051CEDC407000D3A81 /* Build configuration list for PBXProject "RCTJPushModule" */;
			compatibilityVersion = "Xcode 3.2";
			developmentRegion = English;
			hasScannedForEncodings = 0;
			knownRegions = (
				en,
			);
			mainGroup = 628098011CEDC407000D3A81;
			productRefGroup = 6280980B1CEDC407000D3A81 /* Products */;
			projectDirPath = "";
			projectRoot = "";
			targets = (
				628098091CEDC407000D3A81 /* RCTJPushModule */,
			);
		};
/* End PBXProject section */

/* Begin PBXSourcesBuildPhase section */
		628098061CEDC407000D3A81 /* Sources */ = {
			isa = PBXSourcesBuildPhase;
			buildActionMask = 2147483647;
			files = (
				624386D81E096B8800F69E07 /* RCTJPushModule.m in Sources */,
				624386D71E096B8800F69E07 /* RCTJPushActionQueue.m in Sources */,
			);
			runOnlyForDeploymentPostprocessing = 0;
		};
/* End PBXSourcesBuildPhase section */

/* Begin XCBuildConfiguration section */
		628098111CEDC407000D3A81 /* Debug */ = {
			isa = XCBuildConfiguration;
			buildSettings = {
				ALWAYS_SEARCH_USER_PATHS = NO;
				CLANG_ANALYZER_NONNULL = YES;
				CLANG_CXX_LANGUAGE_STANDARD = "gnu++0x";
				CLANG_CXX_LIBRARY = "libc++";
				CLANG_ENABLE_MODULES = YES;
				CLANG_ENABLE_OBJC_ARC = YES;
				CLANG_WARN_BOOL_CONVERSION = YES;
				CLANG_WARN_CONSTANT_CONVERSION = YES;
				CLANG_WARN_DIRECT_OBJC_ISA_USAGE = YES_ERROR;
				CLANG_WARN_EMPTY_BODY = YES;
				CLANG_WARN_ENUM_CONVERSION = YES;
				CLANG_WARN_INT_CONVERSION = YES;
				CLANG_WARN_OBJC_ROOT_CLASS = YES_ERROR;
				CLANG_WARN_UNREACHABLE_CODE = YES;
				CLANG_WARN__DUPLICATE_METHOD_MATCH = YES;
				"CODE_SIGN_IDENTITY[sdk=iphoneos*]" = "iPhone Developer";
				COPY_PHASE_STRIP = NO;
				DEBUG_INFORMATION_FORMAT = dwarf;
				ENABLE_STRICT_OBJC_MSGSEND = YES;
				ENABLE_TESTABILITY = YES;
				GCC_C_LANGUAGE_STANDARD = gnu99;
				GCC_DYNAMIC_NO_PIC = NO;
				GCC_NO_COMMON_BLOCKS = YES;
				GCC_OPTIMIZATION_LEVEL = 0;
				GCC_PREPROCESSOR_DEFINITIONS = (
					"DEBUG=1",
					"$(inherited)",
				);
				GCC_WARN_64_TO_32_BIT_CONVERSION = YES;
				GCC_WARN_ABOUT_RETURN_TYPE = YES_ERROR;
				GCC_WARN_UNDECLARED_SELECTOR = YES;
				GCC_WARN_UNINITIALIZED_AUTOS = YES_AGGRESSIVE;
				GCC_WARN_UNUSED_FUNCTION = YES;
				GCC_WARN_UNUSED_VARIABLE = YES;
				IPHONEOS_DEPLOYMENT_TARGET = 7.0;
				MTL_ENABLE_DEBUG_INFO = YES;
				ONLY_ACTIVE_ARCH = YES;
				SDKROOT = iphoneos;
			};
			name = Debug;
		};
		628098121CEDC407000D3A81 /* Release */ = {
			isa = XCBuildConfiguration;
			buildSettings = {
				ALWAYS_SEARCH_USER_PATHS = NO;
				CLANG_ANALYZER_NONNULL = YES;
				CLANG_CXX_LANGUAGE_STANDARD = "gnu++0x";
				CLANG_CXX_LIBRARY = "libc++";
				CLANG_ENABLE_MODULES = YES;
				CLANG_ENABLE_OBJC_ARC = YES;
				CLANG_WARN_BOOL_CONVERSION = YES;
				CLANG_WARN_CONSTANT_CONVERSION = YES;
				CLANG_WARN_DIRECT_OBJC_ISA_USAGE = YES_ERROR;
				CLANG_WARN_EMPTY_BODY = YES;
				CLANG_WARN_ENUM_CONVERSION = YES;
				CLANG_WARN_INT_CONVERSION = YES;
				CLANG_WARN_OBJC_ROOT_CLASS = YES_ERROR;
				CLANG_WARN_UNREACHABLE_CODE = YES;
				CLANG_WARN__DUPLICATE_METHOD_MATCH = YES;
				"CODE_SIGN_IDENTITY[sdk=iphoneos*]" = "iPhone Developer";
				COPY_PHASE_STRIP = NO;
				DEBUG_INFORMATION_FORMAT = "dwarf-with-dsym";
				ENABLE_NS_ASSERTIONS = NO;
				ENABLE_STRICT_OBJC_MSGSEND = YES;
				GCC_C_LANGUAGE_STANDARD = gnu99;
				GCC_NO_COMMON_BLOCKS = YES;
				GCC_WARN_64_TO_32_BIT_CONVERSION = YES;
				GCC_WARN_ABOUT_RETURN_TYPE = YES_ERROR;
				GCC_WARN_UNDECLARED_SELECTOR = YES;
				GCC_WARN_UNINITIALIZED_AUTOS = YES_AGGRESSIVE;
				GCC_WARN_UNUSED_FUNCTION = YES;
				GCC_WARN_UNUSED_VARIABLE = YES;
				IPHONEOS_DEPLOYMENT_TARGET = 7.0;
				MTL_ENABLE_DEBUG_INFO = NO;
				SDKROOT = iphoneos;
				VALIDATE_PRODUCT = YES;
			};
			name = Release;
		};
		628098141CEDC407000D3A81 /* Debug */ = {
			isa = XCBuildConfiguration;
			buildSettings = {
				HEADER_SEARCH_PATHS = "$(SRCROOT)/../../../react-native/React/**";
				LIBRARY_SEARCH_PATHS = (
					"$(inherited)",
					"$(PROJECT_DIR)/RCTJPushModule",
					"$(SRCROOT)/../../../jcore-react-native/ios",
				);
				OTHER_LDFLAGS = "-ObjC";
				OTHER_LIBTOOLFLAGS = "-ljcore-ios";
				PRODUCT_NAME = "$(TARGET_NAME)";
				SKIP_INSTALL = YES;
			};
			name = Debug;
		};
		628098151CEDC407000D3A81 /* Release */ = {
			isa = XCBuildConfiguration;
			buildSettings = {
				HEADER_SEARCH_PATHS = "$(SRCROOT)/../../../react-native/React/**";
				LIBRARY_SEARCH_PATHS = (
					"$(inherited)",
					"$(PROJECT_DIR)/RCTJPushModule",
					"$(SRCROOT)/../../../jcore-react-native/ios",
				);
				OTHER_LDFLAGS = "-ObjC";
				OTHER_LIBTOOLFLAGS = "-ljcore-ios";
				PRODUCT_NAME = "$(TARGET_NAME)";
				SKIP_INSTALL = YES;
			};
			name = Release;
		};
/* End XCBuildConfiguration section */

/* Begin XCConfigurationList section */
		628098051CEDC407000D3A81 /* Build configuration list for PBXProject "RCTJPushModule" */ = {
			isa = XCConfigurationList;
			buildConfigurations = (
				628098111CEDC407000D3A81 /* Debug */,
				628098121CEDC407000D3A81 /* Release */,
			);
			defaultConfigurationIsVisible = 0;
			defaultConfigurationName = Release;
		};
		628098131CEDC407000D3A81 /* Build configuration list for PBXNativeTarget "RCTJPushModule" */ = {
			isa = XCConfigurationList;
			buildConfigurations = (
				628098141CEDC407000D3A81 /* Debug */,
				628098151CEDC407000D3A81 /* Release */,
			);
			defaultConfigurationIsVisible = 0;
			defaultConfigurationName = Release;
		};
/* End XCConfigurationList section */
	};
	rootObject = 628098021CEDC407000D3A81 /* Project object */;
}
